// !$*UTF8*$!
{
	archiveVersion = 1;
	classes = {
	};
	objectVersion = 56;
	objects = {

/* Begin PBXBuildFile section */
		8812BD4B2BC56529001E8D42 /* qdemoApp.swift in Sources */ = {isa = PBXBuildFile; fileRef = 8812BD4A2BC56529001E8D42 /* qdemoApp.swift */; };
		8812BD4D2BC56529001E8D42 /* MainScreen.swift in Sources */ = {isa = PBXBuildFile; fileRef = 8812BD4C2BC56529001E8D42 /* MainScreen.swift */; };
		8812BD4F2BC5652B001E8D42 /* Assets.xcassets in Resources */ = {isa = PBXBuildFile; fileRef = 8812BD4E2BC5652B001E8D42 /* Assets.xcassets */; };
		8812BD522BC5652B001E8D42 /* Preview Assets.xcassets in Resources */ = {isa = PBXBuildFile; fileRef = 8812BD512BC5652B001E8D42 /* Preview Assets.xcassets */; };
		887E75342BDD8E2A00AC7851 /* GameState.swift in Sources */ = {isa = PBXBuildFile; fileRef = 887E75332BDD8E2A00AC7851 /* GameState.swift */; };
		887E753A2BDED36A00AC7851 /* q20kshare in Frameworks */ = {isa = PBXBuildFile; productRef = 887E75392BDED36A00AC7851 /* q20kshare */; };
		88F66CEF2BD8242F0099A4D4 /* SettingsFormScreen.swift in Sources */ = {isa = PBXBuildFile; fileRef = 88F66CEE2BD8242F0099A4D4 /* SettingsFormScreen.swift */; };
		88F66CF12BD95D890099A4D4 /* DetailScreen.swift in Sources */ = {isa = PBXBuildFile; fileRef = 88F66CF02BD95D890099A4D4 /* DetailScreen.swift */; };
		88F66CF32BD964CE0099A4D4 /* ChallengesScreen.swift in Sources */ = {isa = PBXBuildFile; fileRef = 88F66CF22BD964CE0099A4D4 /* ChallengesScreen.swift */; };
		88F66CF52BD965A40099A4D4 /* EssentialChallengeView.swift in Sources */ = {isa = PBXBuildFile; fileRef = 88F66CF42BD965A40099A4D4 /* EssentialChallengeView.swift */; };
		88F66CF72BD967790099A4D4 /* ThumbsView.swift in Sources */ = {isa = PBXBuildFile; fileRef = 88F66CF62BD967790099A4D4 /* ThumbsView.swift */; };
/* End PBXBuildFile section */

/* Begin PBXFileReference section */
		8812BD472BC56529001E8D42 /* qdemo.app */ = {isa = PBXFileReference; explicitFileType = wrapper.application; includeInIndex = 0; path = qdemo.app; sourceTree = BUILT_PRODUCTS_DIR; };
		8812BD4A2BC56529001E8D42 /* qdemoApp.swift */ = {isa = PBXFileReference; lastKnownFileType = sourcecode.swift; path = qdemoApp.swift; sourceTree = "<group>"; };
		8812BD4C2BC56529001E8D42 /* MainScreen.swift */ = {isa = PBXFileReference; lastKnownFileType = sourcecode.swift; path = MainScreen.swift; sourceTree = "<group>"; };
		8812BD4E2BC5652B001E8D42 /* Assets.xcassets */ = {isa = PBXFileReference; lastKnownFileType = folder.assetcatalog; path = Assets.xcassets; sourceTree = "<group>"; };
		8812BD512BC5652B001E8D42 /* Preview Assets.xcassets */ = {isa = PBXFileReference; lastKnownFileType = folder.assetcatalog; path = "Preview Assets.xcassets"; sourceTree = "<group>"; };
		887E75332BDD8E2A00AC7851 /* GameState.swift */ = {isa = PBXFileReference; lastKnownFileType = sourcecode.swift; path = GameState.swift; sourceTree = "<group>"; };
		88F66CED2BCF3DF10099A4D4 /* README.md */ = {isa = PBXFileReference; lastKnownFileType = net.daringfireball.markdown; path = README.md; sourceTree = "<group>"; };
		88F66CEE2BD8242F0099A4D4 /* SettingsFormScreen.swift */ = {isa = PBXFileReference; lastKnownFileType = sourcecode.swift; path = SettingsFormScreen.swift; sourceTree = "<group>"; };
		88F66CF02BD95D890099A4D4 /* DetailScreen.swift */ = {isa = PBXFileReference; lastKnownFileType = sourcecode.swift; path = DetailScreen.swift; sourceTree = "<group>"; };
		88F66CF22BD964CE0099A4D4 /* ChallengesScreen.swift */ = {isa = PBXFileReference; fileEncoding = 4; lastKnownFileType = sourcecode.swift; path = ChallengesScreen.swift; sourceTree = "<group>"; };
		88F66CF42BD965A40099A4D4 /* EssentialChallengeView.swift */ = {isa = PBXFileReference; fileEncoding = 4; lastKnownFileType = sourcecode.swift; path = EssentialChallengeView.swift; sourceTree = "<group>"; };
		88F66CF62BD967790099A4D4 /* ThumbsView.swift */ = {isa = PBXFileReference; fileEncoding = 4; lastKnownFileType = sourcecode.swift; path = ThumbsView.swift; sourceTree = "<group>"; };
/* End PBXFileReference section */

/* Begin PBXFrameworksBuildPhase section */
		8812BD442BC56529001E8D42 /* Frameworks */ = {
			isa = PBXFrameworksBuildPhase;
			buildActionMask = 2147483647;
			files = (
				887E753A2BDED36A00AC7851 /* q20kshare in Frameworks */,
			);
			runOnlyForDeploymentPostprocessing = 0;
		};
/* End PBXFrameworksBuildPhase section */

/* Begin PBXGroup section */
		8812BD3E2BC56529001E8D42 = {
			isa = PBXGroup;
			children = (
				88F66CED2BCF3DF10099A4D4 /* README.md */,
				8812BD492BC56529001E8D42 /* qdemo */,
				8812BD482BC56529001E8D42 /* Products */,
			);
			sourceTree = "<group>";
		};
		8812BD482BC56529001E8D42 /* Products */ = {
			isa = PBXGroup;
			children = (
				8812BD472BC56529001E8D42 /* qdemo.app */,
			);
			name = Products;
			sourceTree = "<group>";
		};
		8812BD492BC56529001E8D42 /* qdemo */ = {
			isa = PBXGroup;
			children = (
				8812BD4A2BC56529001E8D42 /* qdemoApp.swift */,
				887E75332BDD8E2A00AC7851 /* GameState.swift */,
				88F66CF22BD964CE0099A4D4 /* ChallengesScreen.swift */,
				88F66CF42BD965A40099A4D4 /* EssentialChallengeView.swift */,
				8812BD4C2BC56529001E8D42 /* MainScreen.swift */,
				88F66CF02BD95D890099A4D4 /* DetailScreen.swift */,
				88F66CEE2BD8242F0099A4D4 /* SettingsFormScreen.swift */,
				88F66CF62BD967790099A4D4 /* ThumbsView.swift */,
				8812BD4E2BC5652B001E8D42 /* Assets.xcassets */,
				8812BD502BC5652B001E8D42 /* Preview Content */,
			);
			path = qdemo;
			sourceTree = "<group>";
		};
		8812BD502BC5652B001E8D42 /* Preview Content */ = {
			isa = PBXGroup;
			children = (
				8812BD512BC5652B001E8D42 /* Preview Assets.xcassets */,
			);
			path = "Preview Content";
			sourceTree = "<group>";
		};
/* End PBXGroup section */

/* Begin PBXNativeTarget section */
		8812BD462BC56529001E8D42 /* qdemo */ = {
			isa = PBXNativeTarget;
			buildConfigurationList = 8812BD552BC5652B001E8D42 /* Build configuration list for PBXNativeTarget "qdemo" */;
			buildPhases = (
				8812BD432BC56529001E8D42 /* Sources */,
				8812BD442BC56529001E8D42 /* Frameworks */,
				8812BD452BC56529001E8D42 /* Resources */,
			);
			buildRules = (
			);
			dependencies = (
			);
			name = qdemo;
			packageProductDependencies = (
				887E75392BDED36A00AC7851 /* q20kshare */,
			);
			productName = qdemo;
			productReference = 8812BD472BC56529001E8D42 /* qdemo.app */;
			productType = "com.apple.product-type.application";
		};
/* End PBXNativeTarget section */

/* Begin PBXProject section */
		8812BD3F2BC56529001E8D42 /* Project object */ = {
			isa = PBXProject;
			attributes = {
				BuildIndependentTargetsInParallel = 1;
				LastSwiftUpdateCheck = 1530;
				LastUpgradeCheck = 1530;
				TargetAttributes = {
					8812BD462BC56529001E8D42 = {
						CreatedOnToolsVersion = 15.3;
					};
				};
			};
			buildConfigurationList = 8812BD422BC56529001E8D42 /* Build configuration list for PBXProject "qdemo" */;
			compatibilityVersion = "Xcode 14.0";
			developmentRegion = en;
			hasScannedForEncodings = 0;
			knownRegions = (
				en,
				Base,
			);
			mainGroup = 8812BD3E2BC56529001E8D42;
			packageReferences = (
				8812BD582BCB02E3001E8D42 /* XCRemoteSwiftPackageReference "q20kshare" */,
			);
			productRefGroup = 8812BD482BC56529001E8D42 /* Products */;
			projectDirPath = "";
			projectRoot = "";
			targets = (
				8812BD462BC56529001E8D42 /* qdemo */,
			);
		};
/* End PBXProject section */

/* Begin PBXResourcesBuildPhase section */
		8812BD452BC56529001E8D42 /* Resources */ = {
			isa = PBXResourcesBuildPhase;
			buildActionMask = 2147483647;
			files = (
				8812BD522BC5652B001E8D42 /* Preview Assets.xcassets in Resources */,
				8812BD4F2BC5652B001E8D42 /* Assets.xcassets in Resources */,
			);
			runOnlyForDeploymentPostprocessing = 0;
		};
/* End PBXResourcesBuildPhase section */

/* Begin PBXSourcesBuildPhase section */
		8812BD432BC56529001E8D42 /* Sources */ = {
			isa = PBXSourcesBuildPhase;
			buildActionMask = 2147483647;
			files = (
				88F66CF72BD967790099A4D4 /* ThumbsView.swift in Sources */,
				88F66CF32BD964CE0099A4D4 /* ChallengesScreen.swift in Sources */,
				88F66CF52BD965A40099A4D4 /* EssentialChallengeView.swift in Sources */,
				88F66CF12BD95D890099A4D4 /* DetailScreen.swift in Sources */,
				88F66CEF2BD8242F0099A4D4 /* SettingsFormScreen.swift in Sources */,
				887E75342BDD8E2A00AC7851 /* GameState.swift in Sources */,
				8812BD4D2BC56529001E8D42 /* MainScreen.swift in Sources */,
				8812BD4B2BC56529001E8D42 /* qdemoApp.swift in Sources */,
			);
			runOnlyForDeploymentPostprocessing = 0;
		};
/* End PBXSourcesBuildPhase section */

/* Begin XCBuildConfiguration section */
		8812BD532BC5652B001E8D42 /* Debug */ = {
			isa = XCBuildConfiguration;
			buildSettings = {
				ALWAYS_SEARCH_USER_PATHS = NO;
				ASSETCATALOG_COMPILER_GENERATE_SWIFT_ASSET_SYMBOL_EXTENSIONS = YES;
				CLANG_ANALYZER_NONNULL = YES;
				CLANG_ANALYZER_NUMBER_OBJECT_CONVERSION = YES_AGGRESSIVE;
				CLANG_CXX_LANGUAGE_STANDARD = "gnu++20";
				CLANG_ENABLE_MODULES = YES;
				CLANG_ENABLE_OBJC_ARC = YES;
				CLANG_ENABLE_OBJC_WEAK = YES;
				CLANG_WARN_BLOCK_CAPTURE_AUTORELEASING = YES;
				CLANG_WARN_BOOL_CONVERSION = YES;
				CLANG_WARN_COMMA = YES;
				CLANG_WARN_CONSTANT_CONVERSION = YES;
				CLANG_WARN_DEPRECATED_OBJC_IMPLEMENTATIONS = YES;
				CLANG_WARN_DIRECT_OBJC_ISA_USAGE = YES_ERROR;
				CLANG_WARN_DOCUMENTATION_COMMENTS = YES;
				CLANG_WARN_EMPTY_BODY = YES;
				CLANG_WARN_ENUM_CONVERSION = YES;
				CLANG_WARN_INFINITE_RECURSION = YES;
				CLANG_WARN_INT_CONVERSION = YES;
				CLANG_WARN_NON_LITERAL_NULL_CONVERSION = YES;
				CLANG_WARN_OBJC_IMPLICIT_RETAIN_SELF = YES;
				CLANG_WARN_OBJC_LITERAL_CONVERSION = YES;
				CLANG_WARN_OBJC_ROOT_CLASS = YES_ERROR;
				CLANG_WARN_QUOTED_INCLUDE_IN_FRAMEWORK_HEADER = YES;
				CLANG_WARN_RANGE_LOOP_ANALYSIS = YES;
				CLANG_WARN_STRICT_PROTOTYPES = YES;
				CLANG_WARN_SUSPICIOUS_MOVE = YES;
				CLANG_WARN_UNGUARDED_AVAILABILITY = YES_AGGRESSIVE;
				CLANG_WARN_UNREACHABLE_CODE = YES;
				CLANG_WARN__DUPLICATE_METHOD_MATCH = YES;
				COPY_PHASE_STRIP = NO;
				DEBUG_INFORMATION_FORMAT = dwarf;
				ENABLE_STRICT_OBJC_MSGSEND = YES;
				ENABLE_TESTABILITY = YES;
				ENABLE_USER_SCRIPT_SANDBOXING = YES;
				GCC_C_LANGUAGE_STANDARD = gnu17;
				GCC_DYNAMIC_NO_PIC = NO;
				GCC_NO_COMMON_BLOCKS = YES;
				GCC_OPTIMIZATION_LEVEL = 0;
				GCC_PREPROCESSOR_DEFINITIONS = (
					"DEBUG=1",
					"$(inherited)",
				);
				GCC_WARN_64_TO_32_BIT_CONVERSION = YES;
				GCC_WARN_ABOUT_RETURN_TYPE = YES_ERROR;
				GCC_WARN_UNDECLARED_SELECTOR = YES;
				GCC_WARN_UNINITIALIZED_AUTOS = YES_AGGRESSIVE;
				GCC_WARN_UNUSED_FUNCTION = YES;
				GCC_WARN_UNUSED_VARIABLE = YES;
				IPHONEOS_DEPLOYMENT_TARGET = 17.4;
				LOCALIZATION_PREFERS_STRING_CATALOGS = YES;
				MTL_ENABLE_DEBUG_INFO = INCLUDE_SOURCE;
				MTL_FAST_MATH = YES;
				ONLY_ACTIVE_ARCH = YES;
				SDKROOT = iphoneos;
				SWIFT_ACTIVE_COMPILATION_CONDITIONS = "DEBUG $(inherited)";
				SWIFT_OPTIMIZATION_LEVEL = "-Onone";
			};
			name = Debug;
		};
		8812BD542BC5652B001E8D42 /* Release */ = {
			isa = XCBuildConfiguration;
			buildSettings = {
				ALWAYS_SEARCH_USER_PATHS = NO;
				ASSETCATALOG_COMPILER_GENERATE_SWIFT_ASSET_SYMBOL_EXTENSIONS = YES;
				CLANG_ANALYZER_NONNULL = YES;
				CLANG_ANALYZER_NUMBER_OBJECT_CONVERSION = YES_AGGRESSIVE;
				CLANG_CXX_LANGUAGE_STANDARD = "gnu++20";
				CLANG_ENABLE_MODULES = YES;
				CLANG_ENABLE_OBJC_ARC = YES;
				CLANG_ENABLE_OBJC_WEAK = YES;
				CLANG_WARN_BLOCK_CAPTURE_AUTORELEASING = YES;
				CLANG_WARN_BOOL_CONVERSION = YES;
				CLANG_WARN_COMMA = YES;
				CLANG_WARN_CONSTANT_CONVERSION = YES;
				CLANG_WARN_DEPRECATED_OBJC_IMPLEMENTATIONS = YES;
				CLANG_WARN_DIRECT_OBJC_ISA_USAGE = YES_ERROR;
				CLANG_WARN_DOCUMENTATION_COMMENTS = YES;
				CLANG_WARN_EMPTY_BODY = YES;
				CLANG_WARN_ENUM_CONVERSION = YES;
				CLANG_WARN_INFINITE_RECURSION = YES;
				CLANG_WARN_INT_CONVERSION = YES;
				CLANG_WARN_NON_LITERAL_NULL_CONVERSION = YES;
				CLANG_WARN_OBJC_IMPLICIT_RETAIN_SELF = YES;
				CLANG_WARN_OBJC_LITERAL_CONVERSION = YES;
				CLANG_WARN_OBJC_ROOT_CLASS = YES_ERROR;
				CLANG_WARN_QUOTED_INCLUDE_IN_FRAMEWORK_HEADER = YES;
				CLANG_WARN_RANGE_LOOP_ANALYSIS = YES;
				CLANG_WARN_STRICT_PROTOTYPES = YES;
				CLANG_WARN_SUSPICIOUS_MOVE = YES;
				CLANG_WARN_UNGUARDED_AVAILABILITY = YES_AGGRESSIVE;
				CLANG_WARN_UNREACHABLE_CODE = YES;
				CLANG_WARN__DUPLICATE_METHOD_MATCH = YES;
				COPY_PHASE_STRIP = NO;
				DEBUG_INFORMATION_FORMAT = "dwarf-with-dsym";
				ENABLE_NS_ASSERTIONS = NO;
				ENABLE_STRICT_OBJC_MSGSEND = YES;
				ENABLE_USER_SCRIPT_SANDBOXING = YES;
				GCC_C_LANGUAGE_STANDARD = gnu17;
				GCC_NO_COMMON_BLOCKS = YES;
				GCC_WARN_64_TO_32_BIT_CONVERSION = YES;
				GCC_WARN_ABOUT_RETURN_TYPE = YES_ERROR;
				GCC_WARN_UNDECLARED_SELECTOR = YES;
				GCC_WARN_UNINITIALIZED_AUTOS = YES_AGGRESSIVE;
				GCC_WARN_UNUSED_FUNCTION = YES;
				GCC_WARN_UNUSED_VARIABLE = YES;
				IPHONEOS_DEPLOYMENT_TARGET = 17.4;
				LOCALIZATION_PREFERS_STRING_CATALOGS = YES;
				MTL_ENABLE_DEBUG_INFO = NO;
				MTL_FAST_MATH = YES;
				SDKROOT = iphoneos;
				SWIFT_COMPILATION_MODE = wholemodule;
				VALIDATE_PRODUCT = YES;
			};
			name = Release;
		};
		8812BD562BC5652B001E8D42 /* Debug */ = {
			isa = XCBuildConfiguration;
			buildSettings = {
				ASSETCATALOG_COMPILER_APPICON_NAME = AppIcon;
				ASSETCATALOG_COMPILER_GLOBAL_ACCENT_COLOR_NAME = AccentColor;
				CODE_SIGN_STYLE = Automatic;
				CURRENT_PROJECT_VERSION = 5;
				DEVELOPMENT_ASSET_PATHS = "\"qdemo/Preview Content\"";
				DEVELOPMENT_TEAM = NEAY582ME4;
				ENABLE_PREVIEWS = YES;
				GENERATE_INFOPLIST_FILE = YES;
				INFOPLIST_KEY_LSApplicationCategoryType = "public.app-category.family-games";
				INFOPLIST_KEY_UIApplicationSceneManifest_Generation = YES;
				INFOPLIST_KEY_UIApplicationSupportsIndirectInputEvents = YES;
				INFOPLIST_KEY_UILaunchScreen_Generation = YES;
				INFOPLIST_KEY_UISupportedInterfaceOrientations_iPad = "UIInterfaceOrientationPortrait UIInterfaceOrientationPortraitUpsideDown UIInterfaceOrientationLandscapeLeft UIInterfaceOrientationLandscapeRight";
				INFOPLIST_KEY_UISupportedInterfaceOrientations_iPhone = "UIInterfaceOrientationPortrait UIInterfaceOrientationLandscapeLeft UIInterfaceOrientationLandscapeRight";
				LD_RUNPATH_SEARCH_PATHS = (
					"$(inherited)",
					"@executable_path/Frameworks",
				);
				MARKETING_VERSION = 0.1;
				PRODUCT_BUNDLE_IDENTIFIER = com.billdonner.qdemo;
				PRODUCT_NAME = "$(TARGET_NAME)";
				SWIFT_EMIT_LOC_STRINGS = YES;
				SWIFT_VERSION = 5.0;
				TARGETED_DEVICE_FAMILY = "1,2";
			};
			name = Debug;
		};
		8812BD572BC5652B001E8D42 /* Release */ = {
			isa = XCBuildConfiguration;
			buildSettings = {
				ASSETCATALOG_COMPILER_APPICON_NAME = AppIcon;
				ASSETCATALOG_COMPILER_GLOBAL_ACCENT_COLOR_NAME = AccentColor;
				CODE_SIGN_STYLE = Automatic;
				CURRENT_PROJECT_VERSION = 5;
				DEVELOPMENT_ASSET_PATHS = "\"qdemo/Preview Content\"";
				DEVELOPMENT_TEAM = NEAY582ME4;
				ENABLE_PREVIEWS = YES;
				GENERATE_INFOPLIST_FILE = YES;
				INFOPLIST_KEY_LSApplicationCategoryType = "public.app-category.family-games";
				INFOPLIST_KEY_UIApplicationSceneManifest_Generation = YES;
				INFOPLIST_KEY_UIApplicationSupportsIndirectInputEvents = YES;
				INFOPLIST_KEY_UILaunchScreen_Generation = YES;
				INFOPLIST_KEY_UISupportedInterfaceOrientations_iPad = "UIInterfaceOrientationPortrait UIInterfaceOrientationPortraitUpsideDown UIInterfaceOrientationLandscapeLeft UIInterfaceOrientationLandscapeRight";
				INFOPLIST_KEY_UISupportedInterfaceOrientations_iPhone = "UIInterfaceOrientationPortrait UIInterfaceOrientationLandscapeLeft UIInterfaceOrientationLandscapeRight";
				LD_RUNPATH_SEARCH_PATHS = (
					"$(inherited)",
					"@executable_path/Frameworks",
				);
				MARKETING_VERSION = 0.1;
				PRODUCT_BUNDLE_IDENTIFIER = com.billdonner.qdemo;
				PRODUCT_NAME = "$(TARGET_NAME)";
				SWIFT_EMIT_LOC_STRINGS = YES;
				SWIFT_VERSION = 5.0;
				TARGETED_DEVICE_FAMILY = "1,2";
			};
			name = Release;
		};
/* End XCBuildConfiguration section */

/* Begin XCConfigurationList section */
		8812BD422BC56529001E8D42 /* Build configuration list for PBXProject "qdemo" */ = {
			isa = XCConfigurationList;
			buildConfigurations = (
				8812BD532BC5652B001E8D42 /* Debug */,
				8812BD542BC5652B001E8D42 /* Release */,
			);
			defaultConfigurationIsVisible = 0;
			defaultConfigurationName = Release;
		};
		8812BD552BC5652B001E8D42 /* Build configuration list for PBXNativeTarget "qdemo" */ = {
			isa = XCConfigurationList;
			buildConfigurations = (
				8812BD562BC5652B001E8D42 /* Debug */,
				8812BD572BC5652B001E8D42 /* Release */,
			);
			defaultConfigurationIsVisible = 0;
			defaultConfigurationName = Release;
		};
/* End XCConfigurationList section */

/* Begin XCRemoteSwiftPackageReference section */
		8812BD582BCB02E3001E8D42 /* XCRemoteSwiftPackageReference "q20kshare" */ = {
			isa = XCRemoteSwiftPackageReference;
			repositoryURL = "https://github.com/billdonner/q20kshare";
			requirement = {
				kind = upToNextMajorVersion;
				minimumVersion = 0.5.25;
			};
		};
/* End XCRemoteSwiftPackageReference section */

/* Begin XCSwiftPackageProductDependency section */
		887E75392BDED36A00AC7851 /* q20kshare */ = {
			isa = XCSwiftPackageProductDependency;
			package = 8812BD582BCB02E3001E8D42 /* XCRemoteSwiftPackageReference "q20kshare" */;
			productName = q20kshare;
		};
/* End XCSwiftPackageProductDependency section */
	};
	rootObject = 8812BD3F2BC56529001E8D42 /* Project object */;
}
