// !$*UTF8*$!
{
	archiveVersion = 1;
	classes = {
	};
	objectVersion = 56;
	objects = {

/* Begin PBXBuildFile section */
		8812BD4B2BC56529001E8D42 /* QuterApp.swift in Sources */ = {isa = PBXBuildFile; fileRef = 8812BD4A2BC56529001E8D42 /* QuterApp.swift */; };
		8812BD4D2BC56529001E8D42 /* MainScreen.swift in Sources */ = {isa = PBXBuildFile; fileRef = 8812BD4C2BC56529001E8D42 /* MainScreen.swift */; };
		8848B05D2C004E8C00E46658 /* GimmeeScreen.swift in Sources */ = {isa = PBXBuildFile; fileRef = 8848B05C2C004E8C00E46658 /* GimmeeScreen.swift */; };
		8848B05F2C004FAE00E46658 /* MatrixItemView.swift in Sources */ = {isa = PBXBuildFile; fileRef = 8848B05E2C004FAE00E46658 /* MatrixItemView.swift */; };
		8848B0612C00516F00E46658 /* subs.swift in Sources */ = {isa = PBXBuildFile; fileRef = 8848B0602C00516F00E46658 /* subs.swift */; };
		8848B0632C0116FA00E46658 /* ScoreBarView.swift in Sources */ = {isa = PBXBuildFile; fileRef = 8848B0622C0116FA00E46658 /* ScoreBarView.swift */; };
		8848B0652C016C9E00E46658 /* standalone.swift in Sources */ = {isa = PBXBuildFile; fileRef = 8848B0642C016C9E00E46658 /* standalone.swift */; };
		8848B0732C01761B00E46658 /* Assets.xcassets in Resources */ = {isa = PBXBuildFile; fileRef = 8848B0722C01761B00E46658 /* Assets.xcassets */; };
		8848B0762C01761B00E46658 /* Preview Assets.xcassets in Resources */ = {isa = PBXBuildFile; fileRef = 8848B0752C01761B00E46658 /* Preview Assets.xcassets */; };
		8848B07B2C01762A00E46658 /* standalone.swift in Sources */ = {isa = PBXBuildFile; fileRef = 8848B0642C016C9E00E46658 /* standalone.swift */; };
		8848B0802C017C6A00E46658 /* Colors.swift in Sources */ = {isa = PBXBuildFile; fileRef = 884DD10B2C000623005B3334 /* Colors.swift */; };
		8848B0812C017E9E00E46658 /* qdemo.swift in Sources */ = {isa = PBXBuildFile; fileRef = 8848B0662C01751300E46658 /* qdemo.swift */; };
		8848B0892C0682A300E46658 /* Assets.xcassets in Resources */ = {isa = PBXBuildFile; fileRef = 8812BD4E2BC5652B001E8D42 /* Assets.xcassets */; };
		8848B08A2C0682A400E46658 /* Assets.xcassets in Resources */ = {isa = PBXBuildFile; fileRef = 8812BD4E2BC5652B001E8D42 /* Assets.xcassets */; };
		8848B0AF2C16ABFF00E46658 /* OnboardingScreen.swift in Sources */ = {isa = PBXBuildFile; fileRef = 8848B0AD2C16ABFF00E46658 /* OnboardingScreen.swift */; };
		8848B0B02C16ABFF00E46658 /* HowToPlayScreen.swift in Sources */ = {isa = PBXBuildFile; fileRef = 8848B0AE2C16ABFF00E46658 /* HowToPlayScreen.swift */; };
		8848B0B42C16AE4700E46658 /* Guts.swift in Sources */ = {isa = PBXBuildFile; fileRef = 8848B0B32C16AE4700E46658 /* Guts.swift */; };
		884DD10C2C000623005B3334 /* Colors.swift in Sources */ = {isa = PBXBuildFile; fileRef = 884DD10B2C000623005B3334 /* Colors.swift */; };
		887E75342BDD8E2A00AC7851 /* GameState.swift in Sources */ = {isa = PBXBuildFile; fileRef = 887E75332BDD8E2A00AC7851 /* GameState.swift */; };
		887E753E2BE189EB00AC7851 /* TopicsListScreen.swift in Sources */ = {isa = PBXBuildFile; fileRef = 887E753D2BE189EB00AC7851 /* TopicsListScreen.swift */; };
		88A105312BF64DDA00FF8C08 /* QuestionsGridScreen.swift in Sources */ = {isa = PBXBuildFile; fileRef = 88A105302BF64DDA00FF8C08 /* QuestionsGridScreen.swift */; };
		88A105352BF8FB0100FF8C08 /* AppSettings.swift in Sources */ = {isa = PBXBuildFile; fileRef = 88A105342BF8FB0100FF8C08 /* AppSettings.swift */; };
		88A105412BFBA72700FF8C08 /* WinLose.swift in Sources */ = {isa = PBXBuildFile; fileRef = 88A105402BFBA72700FF8C08 /* WinLose.swift */; };
		88A6EA902BFD96C000B89838 /* qdemoTests.swift in Sources */ = {isa = PBXBuildFile; fileRef = 88A6EA8F2BFD96C000B89838 /* qdemoTests.swift */; };
		88A6EA962BFD986A00B89838 /* playg.swift in Sources */ = {isa = PBXBuildFile; fileRef = 88A6EA872BFD4E2A00B89838 /* playg.swift */; };
		88F66CEF2BD8242F0099A4D4 /* SettingsFormScreen.swift in Sources */ = {isa = PBXBuildFile; fileRef = 88F66CEE2BD8242F0099A4D4 /* SettingsFormScreen.swift */; };
		88F66CF32BD964CE0099A4D4 /* ChallengesScreen.swift in Sources */ = {isa = PBXBuildFile; fileRef = 88F66CF22BD964CE0099A4D4 /* ChallengesScreen.swift */; };
		88F66CF72BD967790099A4D4 /* ThumbsView.swift in Sources */ = {isa = PBXBuildFile; fileRef = 88F66CF62BD967790099A4D4 /* ThumbsView.swift */; };
		88F6F8FD2C1AACFC00A50C31 /* GameSettingsScreen.swift in Sources */ = {isa = PBXBuildFile; fileRef = 88F6F8FC2C1AACFC00A50C31 /* GameSettingsScreen.swift */; };
/* End PBXBuildFile section */

/* Begin PBXContainerItemProxy section */
		88A6EA912BFD96C000B89838 /* PBXContainerItemProxy */ = {
			isa = PBXContainerItemProxy;
			containerPortal = 8812BD3F2BC56529001E8D42 /* Project object */;
			proxyType = 1;
			remoteGlobalIDString = 8812BD462BC56529001E8D42;
			remoteInfo = qdemo;
		};
/* End PBXContainerItemProxy section */

/* Begin PBXFileReference section */
		8812BD472BC56529001E8D42 /* qdemo.app */ = {isa = PBXFileReference; explicitFileType = wrapper.application; includeInIndex = 0; path = qdemo.app; sourceTree = BUILT_PRODUCTS_DIR; };
		8812BD4A2BC56529001E8D42 /* QuterApp.swift */ = {isa = PBXFileReference; lastKnownFileType = sourcecode.swift; path = QuterApp.swift; sourceTree = "<group>"; };
		8812BD4C2BC56529001E8D42 /* MainScreen.swift */ = {isa = PBXFileReference; lastKnownFileType = sourcecode.swift; path = MainScreen.swift; sourceTree = "<group>"; };
		8812BD4E2BC5652B001E8D42 /* Assets.xcassets */ = {isa = PBXFileReference; lastKnownFileType = folder.assetcatalog; path = Assets.xcassets; sourceTree = "<group>"; };
		8812BD512BC5652B001E8D42 /* Preview Assets.xcassets */ = {isa = PBXFileReference; lastKnownFileType = folder.assetcatalog; path = "Preview Assets.xcassets"; sourceTree = "<group>"; };
		8848B05C2C004E8C00E46658 /* GimmeeScreen.swift */ = {isa = PBXFileReference; lastKnownFileType = sourcecode.swift; path = GimmeeScreen.swift; sourceTree = "<group>"; };
		8848B05E2C004FAE00E46658 /* MatrixItemView.swift */ = {isa = PBXFileReference; lastKnownFileType = sourcecode.swift; path = MatrixItemView.swift; sourceTree = "<group>"; };
		8848B0602C00516F00E46658 /* subs.swift */ = {isa = PBXFileReference; lastKnownFileType = sourcecode.swift; path = subs.swift; sourceTree = "<group>"; };
		8848B0622C0116FA00E46658 /* ScoreBarView.swift */ = {isa = PBXFileReference; lastKnownFileType = sourcecode.swift; path = ScoreBarView.swift; sourceTree = "<group>"; };
		8848B0642C016C9E00E46658 /* standalone.swift */ = {isa = PBXFileReference; lastKnownFileType = sourcecode.swift; path = standalone.swift; sourceTree = "<group>"; };
		8848B0662C01751300E46658 /* qdemo.swift */ = {isa = PBXFileReference; lastKnownFileType = sourcecode.swift; path = qdemo.swift; sourceTree = "<group>"; };
		8848B06C2C01761A00E46658 /* macdemo.app */ = {isa = PBXFileReference; explicitFileType = wrapper.application; includeInIndex = 0; path = macdemo.app; sourceTree = BUILT_PRODUCTS_DIR; };
		8848B0722C01761B00E46658 /* Assets.xcassets */ = {isa = PBXFileReference; lastKnownFileType = folder.assetcatalog; path = Assets.xcassets; sourceTree = "<group>"; };
		8848B0752C01761B00E46658 /* Preview Assets.xcassets */ = {isa = PBXFileReference; lastKnownFileType = folder.assetcatalog; path = "Preview Assets.xcassets"; sourceTree = "<group>"; };
		8848B0772C01761B00E46658 /* macdemo.entitlements */ = {isa = PBXFileReference; lastKnownFileType = text.plist.entitlements; path = macdemo.entitlements; sourceTree = "<group>"; };
		8848B08B2C0BA33000E46658 /* ff.md */ = {isa = PBXFileReference; lastKnownFileType = net.daringfireball.markdown; path = ff.md; sourceTree = "<group>"; };
		8848B0AD2C16ABFF00E46658 /* OnboardingScreen.swift */ = {isa = PBXFileReference; fileEncoding = 4; lastKnownFileType = sourcecode.swift; path = OnboardingScreen.swift; sourceTree = "<group>"; };
		8848B0AE2C16ABFF00E46658 /* HowToPlayScreen.swift */ = {isa = PBXFileReference; fileEncoding = 4; lastKnownFileType = sourcecode.swift; path = HowToPlayScreen.swift; sourceTree = "<group>"; };
		8848B0B32C16AE4700E46658 /* Guts.swift */ = {isa = PBXFileReference; fileEncoding = 4; lastKnownFileType = sourcecode.swift; path = Guts.swift; sourceTree = "<group>"; };
		884DD10B2C000623005B3334 /* Colors.swift */ = {isa = PBXFileReference; lastKnownFileType = sourcecode.swift; path = Colors.swift; sourceTree = "<group>"; };
		887E75332BDD8E2A00AC7851 /* GameState.swift */ = {isa = PBXFileReference; lastKnownFileType = sourcecode.swift; path = GameState.swift; sourceTree = "<group>"; };
		887E753D2BE189EB00AC7851 /* TopicsListScreen.swift */ = {isa = PBXFileReference; lastKnownFileType = sourcecode.swift; path = TopicsListScreen.swift; sourceTree = "<group>"; };
		887E75542BE80FEF00AC7851 /* GameBoardFlow.md */ = {isa = PBXFileReference; lastKnownFileType = net.daringfireball.markdown; path = GameBoardFlow.md; sourceTree = "<group>"; };
		88A105302BF64DDA00FF8C08 /* QuestionsGridScreen.swift */ = {isa = PBXFileReference; lastKnownFileType = sourcecode.swift; path = QuestionsGridScreen.swift; sourceTree = "<group>"; };
		88A105342BF8FB0100FF8C08 /* AppSettings.swift */ = {isa = PBXFileReference; lastKnownFileType = sourcecode.swift; path = AppSettings.swift; sourceTree = "<group>"; };
		88A105362BF958F200FF8C08 /* Info.plist */ = {isa = PBXFileReference; lastKnownFileType = text.plist.xml; path = Info.plist; sourceTree = "<group>"; };
		88A105402BFBA72700FF8C08 /* WinLose.swift */ = {isa = PBXFileReference; lastKnownFileType = sourcecode.swift; path = WinLose.swift; sourceTree = "<group>"; };
		88A6EA872BFD4E2A00B89838 /* playg.swift */ = {isa = PBXFileReference; lastKnownFileType = sourcecode.swift; path = playg.swift; sourceTree = "<group>"; };
		88A6EA8D2BFD96C000B89838 /* qdemoTests.xctest */ = {isa = PBXFileReference; explicitFileType = wrapper.cfbundle; includeInIndex = 0; path = qdemoTests.xctest; sourceTree = BUILT_PRODUCTS_DIR; };
		88A6EA8F2BFD96C000B89838 /* qdemoTests.swift */ = {isa = PBXFileReference; lastKnownFileType = sourcecode.swift; path = qdemoTests.swift; sourceTree = "<group>"; };
		88F66CED2BCF3DF10099A4D4 /* README.md */ = {isa = PBXFileReference; lastKnownFileType = net.daringfireball.markdown; path = README.md; sourceTree = "<group>"; };
		88F66CEE2BD8242F0099A4D4 /* SettingsFormScreen.swift */ = {isa = PBXFileReference; lastKnownFileType = sourcecode.swift; path = SettingsFormScreen.swift; sourceTree = "<group>"; };
		88F66CF22BD964CE0099A4D4 /* ChallengesScreen.swift */ = {isa = PBXFileReference; fileEncoding = 4; lastKnownFileType = sourcecode.swift; path = ChallengesScreen.swift; sourceTree = "<group>"; };
		88F66CF62BD967790099A4D4 /* ThumbsView.swift */ = {isa = PBXFileReference; fileEncoding = 4; lastKnownFileType = sourcecode.swift; path = ThumbsView.swift; sourceTree = "<group>"; };
		88F6F8FC2C1AACFC00A50C31 /* GameSettingsScreen.swift */ = {isa = PBXFileReference; lastKnownFileType = sourcecode.swift; path = GameSettingsScreen.swift; sourceTree = "<group>"; };
/* End PBXFileReference section */

/* Begin PBXFrameworksBuildPhase section */
		8812BD442BC56529001E8D42 /* Frameworks */ = {
			isa = PBXFrameworksBuildPhase;
			buildActionMask = 2147483647;
			files = (
			);
			runOnlyForDeploymentPostprocessing = 0;
		};
		8848B0692C01761A00E46658 /* Frameworks */ = {
			isa = PBXFrameworksBuildPhase;
			buildActionMask = 2147483647;
			files = (
			);
			runOnlyForDeploymentPostprocessing = 0;
		};
		88A6EA8A2BFD96C000B89838 /* Frameworks */ = {
			isa = PBXFrameworksBuildPhase;
			buildActionMask = 2147483647;
			files = (
			);
			runOnlyForDeploymentPostprocessing = 0;
		};
/* End PBXFrameworksBuildPhase section */

/* Begin PBXGroup section */
		8812BD3E2BC56529001E8D42 = {
			isa = PBXGroup;
			children = (
				8848B08B2C0BA33000E46658 /* ff.md */,
				88A105362BF958F200FF8C08 /* Info.plist */,
				88F66CED2BCF3DF10099A4D4 /* README.md */,
				887E75542BE80FEF00AC7851 /* GameBoardFlow.md */,
				8848B0AC2C16ABC600E46658 /* aux */,
				8812BD492BC56529001E8D42 /* qdemo */,
				88A6EA8E2BFD96C000B89838 /* qdemoTests */,
				8848B06D2C01761A00E46658 /* macdemo */,
				8812BD482BC56529001E8D42 /* Products */,
				884DD10D2C000C75005B3334 /* Frameworks */,
			);
			sourceTree = "<group>";
		};
		8812BD482BC56529001E8D42 /* Products */ = {
			isa = PBXGroup;
			children = (
				8812BD472BC56529001E8D42 /* qdemo.app */,
				88A6EA8D2BFD96C000B89838 /* qdemoTests.xctest */,
				8848B06C2C01761A00E46658 /* macdemo.app */,
			);
			name = Products;
			sourceTree = "<group>";
		};
		8812BD492BC56529001E8D42 /* qdemo */ = {
			isa = PBXGroup;
			children = (
				8848B0642C016C9E00E46658 /* standalone.swift */,
				8848B0662C01751300E46658 /* qdemo.swift */,
				8812BD4A2BC56529001E8D42 /* QuterApp.swift */,
				8848B0602C00516F00E46658 /* subs.swift */,
				88A105342BF8FB0100FF8C08 /* AppSettings.swift */,
				88F66CF22BD964CE0099A4D4 /* ChallengesScreen.swift */,
				884DD10B2C000623005B3334 /* Colors.swift */,
				88F6F8FC2C1AACFC00A50C31 /* GameSettingsScreen.swift */,
				887E75332BDD8E2A00AC7851 /* GameState.swift */,
				8848B05C2C004E8C00E46658 /* GimmeeScreen.swift */,
				8812BD4C2BC56529001E8D42 /* MainScreen.swift */,
				8848B05E2C004FAE00E46658 /* MatrixItemView.swift */,
				88A105302BF64DDA00FF8C08 /* QuestionsGridScreen.swift */,
				8848B0622C0116FA00E46658 /* ScoreBarView.swift */,
				88F66CEE2BD8242F0099A4D4 /* SettingsFormScreen.swift */,
				88F66CF62BD967790099A4D4 /* ThumbsView.swift */,
				887E753D2BE189EB00AC7851 /* TopicsListScreen.swift */,
				8812BD4E2BC5652B001E8D42 /* Assets.xcassets */,
				88A105402BFBA72700FF8C08 /* WinLose.swift */,
				8812BD502BC5652B001E8D42 /* Preview Content */,
				88A6EA872BFD4E2A00B89838 /* playg.swift */,
			);
			path = qdemo;
			sourceTree = "<group>";
		};
		8812BD502BC5652B001E8D42 /* Preview Content */ = {
			isa = PBXGroup;
			children = (
				8812BD512BC5652B001E8D42 /* Preview Assets.xcassets */,
			);
			path = "Preview Content";
			sourceTree = "<group>";
		};
		8848B06D2C01761A00E46658 /* macdemo */ = {
			isa = PBXGroup;
			children = (
				8848B0722C01761B00E46658 /* Assets.xcassets */,
				8848B0772C01761B00E46658 /* macdemo.entitlements */,
				8848B0742C01761B00E46658 /* Preview Content */,
			);
			path = macdemo;
			sourceTree = "<group>";
		};
		8848B0742C01761B00E46658 /* Preview Content */ = {
			isa = PBXGroup;
			children = (
				8848B0752C01761B00E46658 /* Preview Assets.xcassets */,
			);
			path = "Preview Content";
			sourceTree = "<group>";
		};
		8848B0AC2C16ABC600E46658 /* aux */ = {
			isa = PBXGroup;
			children = (
				8848B0B32C16AE4700E46658 /* Guts.swift */,
				8848B0AE2C16ABFF00E46658 /* HowToPlayScreen.swift */,
				8848B0AD2C16ABFF00E46658 /* OnboardingScreen.swift */,
			);
			path = aux;
			sourceTree = "<group>";
		};
		884DD10D2C000C75005B3334 /* Frameworks */ = {
			isa = PBXGroup;
			children = (
			);
			name = Frameworks;
			sourceTree = "<group>";
		};
		88A6EA8E2BFD96C000B89838 /* qdemoTests */ = {
			isa = PBXGroup;
			children = (
				88A6EA8F2BFD96C000B89838 /* qdemoTests.swift */,
			);
			path = qdemoTests;
			sourceTree = "<group>";
		};
/* End PBXGroup section */

/* Begin PBXNativeTarget section */
		8812BD462BC56529001E8D42 /* qdemo */ = {
			isa = PBXNativeTarget;
			buildConfigurationList = 8812BD552BC5652B001E8D42 /* Build configuration list for PBXNativeTarget "qdemo" */;
			buildPhases = (
				8812BD432BC56529001E8D42 /* Sources */,
				8812BD442BC56529001E8D42 /* Frameworks */,
				8812BD452BC56529001E8D42 /* Resources */,
			);
			buildRules = (
			);
			dependencies = (
			);
			name = qdemo;
			packageProductDependencies = (
			);
			productName = qdemo;
			productReference = 8812BD472BC56529001E8D42 /* qdemo.app */;
			productType = "com.apple.product-type.application";
		};
		8848B06B2C01761A00E46658 /* macdemo */ = {
			isa = PBXNativeTarget;
			buildConfigurationList = 8848B0782C01761B00E46658 /* Build configuration list for PBXNativeTarget "macdemo" */;
			buildPhases = (
				8848B0682C01761A00E46658 /* Sources */,
				8848B0692C01761A00E46658 /* Frameworks */,
				8848B06A2C01761A00E46658 /* Resources */,
			);
			buildRules = (
			);
			dependencies = (
			);
			name = macdemo;
			productName = macdemo;
			productReference = 8848B06C2C01761A00E46658 /* macdemo.app */;
			productType = "com.apple.product-type.application";
		};
		88A6EA8C2BFD96C000B89838 /* qdemoTests */ = {
			isa = PBXNativeTarget;
			buildConfigurationList = 88A6EA932BFD96C000B89838 /* Build configuration list for PBXNativeTarget "qdemoTests" */;
			buildPhases = (
				88A6EA892BFD96C000B89838 /* Sources */,
				88A6EA8A2BFD96C000B89838 /* Frameworks */,
				88A6EA8B2BFD96C000B89838 /* Resources */,
			);
			buildRules = (
			);
			dependencies = (
				88A6EA922BFD96C000B89838 /* PBXTargetDependency */,
			);
			name = qdemoTests;
			productName = qdemoTests;
			productReference = 88A6EA8D2BFD96C000B89838 /* qdemoTests.xctest */;
			productType = "com.apple.product-type.bundle.unit-test";
		};
/* End PBXNativeTarget section */

/* Begin PBXProject section */
		8812BD3F2BC56529001E8D42 /* Project object */ = {
			isa = PBXProject;
			attributes = {
				BuildIndependentTargetsInParallel = 1;
				LastSwiftUpdateCheck = 1540;
				LastUpgradeCheck = 1600;
				TargetAttributes = {
					8812BD462BC56529001E8D42 = {
						CreatedOnToolsVersion = 15.3;
					};
					8848B06B2C01761A00E46658 = {
						CreatedOnToolsVersion = 15.4;
					};
					88A6EA8C2BFD96C000B89838 = {
						CreatedOnToolsVersion = 15.4;
						TestTargetID = 8812BD462BC56529001E8D42;
					};
				};
			};
			buildConfigurationList = 8812BD422BC56529001E8D42 /* Build configuration list for PBXProject "qdemo" */;
			compatibilityVersion = "Xcode 14.0";
			developmentRegion = en;
			hasScannedForEncodings = 0;
			knownRegions = (
				en,
				Base,
			);
			mainGroup = 8812BD3E2BC56529001E8D42;
			packageReferences = (
				8812BD582BCB02E3001E8D42 /* XCRemoteSwiftPackageReference "q20kshare" */,
			);
			productRefGroup = 8812BD482BC56529001E8D42 /* Products */;
			projectDirPath = "";
			projectRoot = "";
			targets = (
				8812BD462BC56529001E8D42 /* qdemo */,
				88A6EA8C2BFD96C000B89838 /* qdemoTests */,
				8848B06B2C01761A00E46658 /* macdemo */,
			);
		};
/* End PBXProject section */

/* Begin PBXResourcesBuildPhase section */
		8812BD452BC56529001E8D42 /* Resources */ = {
			isa = PBXResourcesBuildPhase;
			buildActionMask = 2147483647;
			files = (
				8848B0892C0682A300E46658 /* Assets.xcassets in Resources */,
			);
			runOnlyForDeploymentPostprocessing = 0;
		};
		8848B06A2C01761A00E46658 /* Resources */ = {
			isa = PBXResourcesBuildPhase;
			buildActionMask = 2147483647;
			files = (
				8848B0762C01761B00E46658 /* Preview Assets.xcassets in Resources */,
				8848B08A2C0682A400E46658 /* Assets.xcassets in Resources */,
				8848B0732C01761B00E46658 /* Assets.xcassets in Resources */,
			);
			runOnlyForDeploymentPostprocessing = 0;
		};
		88A6EA8B2BFD96C000B89838 /* Resources */ = {
			isa = PBXResourcesBuildPhase;
			buildActionMask = 2147483647;
			files = (
			);
			runOnlyForDeploymentPostprocessing = 0;
		};
/* End PBXResourcesBuildPhase section */

/* Begin PBXSourcesBuildPhase section */
		8812BD432BC56529001E8D42 /* Sources */ = {
			isa = PBXSourcesBuildPhase;
			buildActionMask = 2147483647;
			files = (
				8848B0612C00516F00E46658 /* subs.swift in Sources */,
				8848B05F2C004FAE00E46658 /* MatrixItemView.swift in Sources */,
				88F66CF72BD967790099A4D4 /* ThumbsView.swift in Sources */,
				884DD10C2C000623005B3334 /* Colors.swift in Sources */,
				8848B0652C016C9E00E46658 /* standalone.swift in Sources */,
				8848B0812C017E9E00E46658 /* qdemo.swift in Sources */,
				88F66CF32BD964CE0099A4D4 /* ChallengesScreen.swift in Sources */,
				88F66CEF2BD8242F0099A4D4 /* SettingsFormScreen.swift in Sources */,
				8848B0B42C16AE4700E46658 /* Guts.swift in Sources */,
				887E753E2BE189EB00AC7851 /* TopicsListScreen.swift in Sources */,
				887E75342BDD8E2A00AC7851 /* GameState.swift in Sources */,
				88A105412BFBA72700FF8C08 /* WinLose.swift in Sources */,
				88A105352BF8FB0100FF8C08 /* AppSettings.swift in Sources */,
				88A105312BF64DDA00FF8C08 /* QuestionsGridScreen.swift in Sources */,
				8848B05D2C004E8C00E46658 /* GimmeeScreen.swift in Sources */,
				8848B0AF2C16ABFF00E46658 /* OnboardingScreen.swift in Sources */,
				8812BD4D2BC56529001E8D42 /* MainScreen.swift in Sources */,
				8848B0B02C16ABFF00E46658 /* HowToPlayScreen.swift in Sources */,
				88F6F8FD2C1AACFC00A50C31 /* GameSettingsScreen.swift in Sources */,
				8848B0632C0116FA00E46658 /* ScoreBarView.swift in Sources */,
				8812BD4B2BC56529001E8D42 /* QuterApp.swift in Sources */,
			);
			runOnlyForDeploymentPostprocessing = 0;
		};
		8848B0682C01761A00E46658 /* Sources */ = {
			isa = PBXSourcesBuildPhase;
			buildActionMask = 2147483647;
			files = (
				8848B0802C017C6A00E46658 /* Colors.swift in Sources */,
				8848B07B2C01762A00E46658 /* standalone.swift in Sources */,
			);
			runOnlyForDeploymentPostprocessing = 0;
		};
		88A6EA892BFD96C000B89838 /* Sources */ = {
			isa = PBXSourcesBuildPhase;
			buildActionMask = 2147483647;
			files = (
				88A6EA902BFD96C000B89838 /* qdemoTests.swift in Sources */,
				88A6EA962BFD986A00B89838 /* playg.swift in Sources */,
			);
			runOnlyForDeploymentPostprocessing = 0;
		};
/* End PBXSourcesBuildPhase section */

/* Begin PBXTargetDependency section */
		88A6EA922BFD96C000B89838 /* PBXTargetDependency */ = {
			isa = PBXTargetDependency;
			target = 8812BD462BC56529001E8D42 /* qdemo */;
			targetProxy = 88A6EA912BFD96C000B89838 /* PBXContainerItemProxy */;
		};
/* End PBXTargetDependency section */

/* Begin XCBuildConfiguration section */
		8812BD532BC5652B001E8D42 /* Debug */ = {
			isa = XCBuildConfiguration;
			buildSettings = {
				ALWAYS_SEARCH_USER_PATHS = NO;
				ASSETCATALOG_COMPILER_GENERATE_SWIFT_ASSET_SYMBOL_EXTENSIONS = YES;
				CLANG_ANALYZER_NONNULL = YES;
				CLANG_ANALYZER_NUMBER_OBJECT_CONVERSION = YES_AGGRESSIVE;
				CLANG_CXX_LANGUAGE_STANDARD = "gnu++20";
				CLANG_ENABLE_MODULES = YES;
				CLANG_ENABLE_OBJC_ARC = YES;
				CLANG_ENABLE_OBJC_WEAK = YES;
				CLANG_WARN_BLOCK_CAPTURE_AUTORELEASING = YES;
				CLANG_WARN_BOOL_CONVERSION = YES;
				CLANG_WARN_COMMA = YES;
				CLANG_WARN_CONSTANT_CONVERSION = YES;
				CLANG_WARN_DEPRECATED_OBJC_IMPLEMENTATIONS = YES;
				CLANG_WARN_DIRECT_OBJC_ISA_USAGE = YES_ERROR;
				CLANG_WARN_DOCUMENTATION_COMMENTS = YES;
				CLANG_WARN_EMPTY_BODY = YES;
				CLANG_WARN_ENUM_CONVERSION = YES;
				CLANG_WARN_INFINITE_RECURSION = YES;
				CLANG_WARN_INT_CONVERSION = YES;
				CLANG_WARN_NON_LITERAL_NULL_CONVERSION = YES;
				CLANG_WARN_OBJC_IMPLICIT_RETAIN_SELF = YES;
				CLANG_WARN_OBJC_LITERAL_CONVERSION = YES;
				CLANG_WARN_OBJC_ROOT_CLASS = YES_ERROR;
				CLANG_WARN_QUOTED_INCLUDE_IN_FRAMEWORK_HEADER = YES;
				CLANG_WARN_RANGE_LOOP_ANALYSIS = YES;
				CLANG_WARN_STRICT_PROTOTYPES = YES;
				CLANG_WARN_SUSPICIOUS_MOVE = YES;
				CLANG_WARN_UNGUARDED_AVAILABILITY = YES_AGGRESSIVE;
				CLANG_WARN_UNREACHABLE_CODE = YES;
				CLANG_WARN__DUPLICATE_METHOD_MATCH = YES;
				COPY_PHASE_STRIP = NO;
				DEBUG_INFORMATION_FORMAT = dwarf;
				ENABLE_STRICT_OBJC_MSGSEND = YES;
				ENABLE_TESTABILITY = YES;
				ENABLE_USER_SCRIPT_SANDBOXING = YES;
				GCC_C_LANGUAGE_STANDARD = gnu17;
				GCC_DYNAMIC_NO_PIC = NO;
				GCC_NO_COMMON_BLOCKS = YES;
				GCC_OPTIMIZATION_LEVEL = 0;
				GCC_PREPROCESSOR_DEFINITIONS = (
					"DEBUG=1",
					"$(inherited)",
				);
				GCC_WARN_64_TO_32_BIT_CONVERSION = YES;
				GCC_WARN_ABOUT_RETURN_TYPE = YES_ERROR;
				GCC_WARN_UNDECLARED_SELECTOR = YES;
				GCC_WARN_UNINITIALIZED_AUTOS = YES_AGGRESSIVE;
				GCC_WARN_UNUSED_FUNCTION = YES;
				GCC_WARN_UNUSED_VARIABLE = YES;
				IPHONEOS_DEPLOYMENT_TARGET = 17.4;
				LOCALIZATION_PREFERS_STRING_CATALOGS = YES;
				MTL_ENABLE_DEBUG_INFO = INCLUDE_SOURCE;
				MTL_FAST_MATH = YES;
				ONLY_ACTIVE_ARCH = YES;
				SDKROOT = iphoneos;
				SWIFT_ACTIVE_COMPILATION_CONDITIONS = "DEBUG $(inherited)";
				SWIFT_OPTIMIZATION_LEVEL = "-Onone";
			};
			name = Debug;
		};
		8812BD542BC5652B001E8D42 /* Release */ = {
			isa = XCBuildConfiguration;
			buildSettings = {
				ALWAYS_SEARCH_USER_PATHS = NO;
				ASSETCATALOG_COMPILER_GENERATE_SWIFT_ASSET_SYMBOL_EXTENSIONS = YES;
				CLANG_ANALYZER_NONNULL = YES;
				CLANG_ANALYZER_NUMBER_OBJECT_CONVERSION = YES_AGGRESSIVE;
				CLANG_CXX_LANGUAGE_STANDARD = "gnu++20";
				CLANG_ENABLE_MODULES = YES;
				CLANG_ENABLE_OBJC_ARC = YES;
				CLANG_ENABLE_OBJC_WEAK = YES;
				CLANG_WARN_BLOCK_CAPTURE_AUTORELEASING = YES;
				CLANG_WARN_BOOL_CONVERSION = YES;
				CLANG_WARN_COMMA = YES;
				CLANG_WARN_CONSTANT_CONVERSION = YES;
				CLANG_WARN_DEPRECATED_OBJC_IMPLEMENTATIONS = YES;
				CLANG_WARN_DIRECT_OBJC_ISA_USAGE = YES_ERROR;
				CLANG_WARN_DOCUMENTATION_COMMENTS = YES;
				CLANG_WARN_EMPTY_BODY = YES;
				CLANG_WARN_ENUM_CONVERSION = YES;
				CLANG_WARN_INFINITE_RECURSION = YES;
				CLANG_WARN_INT_CONVERSION = YES;
				CLANG_WARN_NON_LITERAL_NULL_CONVERSION = YES;
				CLANG_WARN_OBJC_IMPLICIT_RETAIN_SELF = YES;
				CLANG_WARN_OBJC_LITERAL_CONVERSION = YES;
				CLANG_WARN_OBJC_ROOT_CLASS = YES_ERROR;
				CLANG_WARN_QUOTED_INCLUDE_IN_FRAMEWORK_HEADER = YES;
				CLANG_WARN_RANGE_LOOP_ANALYSIS = YES;
				CLANG_WARN_STRICT_PROTOTYPES = YES;
				CLANG_WARN_SUSPICIOUS_MOVE = YES;
				CLANG_WARN_UNGUARDED_AVAILABILITY = YES_AGGRESSIVE;
				CLANG_WARN_UNREACHABLE_CODE = YES;
				CLANG_WARN__DUPLICATE_METHOD_MATCH = YES;
				COPY_PHASE_STRIP = NO;
				DEBUG_INFORMATION_FORMAT = "dwarf-with-dsym";
				ENABLE_NS_ASSERTIONS = NO;
				ENABLE_STRICT_OBJC_MSGSEND = YES;
				ENABLE_USER_SCRIPT_SANDBOXING = YES;
				GCC_C_LANGUAGE_STANDARD = gnu17;
				GCC_NO_COMMON_BLOCKS = YES;
				GCC_WARN_64_TO_32_BIT_CONVERSION = YES;
				GCC_WARN_ABOUT_RETURN_TYPE = YES_ERROR;
				GCC_WARN_UNDECLARED_SELECTOR = YES;
				GCC_WARN_UNINITIALIZED_AUTOS = YES_AGGRESSIVE;
				GCC_WARN_UNUSED_FUNCTION = YES;
				GCC_WARN_UNUSED_VARIABLE = YES;
				IPHONEOS_DEPLOYMENT_TARGET = 17.4;
				LOCALIZATION_PREFERS_STRING_CATALOGS = YES;
				MTL_ENABLE_DEBUG_INFO = NO;
				MTL_FAST_MATH = YES;
				SDKROOT = iphoneos;
				SWIFT_COMPILATION_MODE = wholemodule;
				VALIDATE_PRODUCT = YES;
			};
			name = Release;
		};
		8812BD562BC5652B001E8D42 /* Debug */ = {
			isa = XCBuildConfiguration;
			buildSettings = {
				ASSETCATALOG_COMPILER_APPICON_NAME = AppIcon;
				ASSETCATALOG_COMPILER_GLOBAL_ACCENT_COLOR_NAME = AccentColor;
				ASSETCATALOG_COMPILER_INCLUDE_ALL_APPICON_ASSETS = NO;
				CODE_SIGN_STYLE = Automatic;
				CURRENT_PROJECT_VERSION = 4;
				DEVELOPMENT_ASSET_PATHS = "\"qdemo/Preview Content\"";
				DEVELOPMENT_TEAM = NEAY582ME4;
				ENABLE_PREVIEWS = YES;
				GENERATE_INFOPLIST_FILE = YES;
				INFOPLIST_KEY_LSApplicationCategoryType = "public.app-category.family-games";
				INFOPLIST_KEY_UIApplicationSceneManifest_Generation = YES;
				INFOPLIST_KEY_UIApplicationSupportsIndirectInputEvents = YES;
				INFOPLIST_KEY_UILaunchScreen_Generation = YES;
				INFOPLIST_KEY_UISupportedInterfaceOrientations_iPad = "UIInterfaceOrientationPortrait UIInterfaceOrientationPortraitUpsideDown UIInterfaceOrientationLandscapeLeft UIInterfaceOrientationLandscapeRight";
				INFOPLIST_KEY_UISupportedInterfaceOrientations_iPhone = "UIInterfaceOrientationPortrait UIInterfaceOrientationLandscapeLeft UIInterfaceOrientationLandscapeRight";
				IPHONEOS_DEPLOYMENT_TARGET = 18.0;
				LD_RUNPATH_SEARCH_PATHS = (
					"$(inherited)",
					"@executable_path/Frameworks",
				);
				MARKETING_VERSION = 0.2;
				PRECOMPS_INCLUDE_HEADERS_FROM_BUILT_PRODUCTS_DIR = NO;
				PRODUCT_BUNDLE_IDENTIFIER = com.billdonner.qdemo;
				PRODUCT_NAME = "$(TARGET_NAME)";
				SWIFT_EMIT_LOC_STRINGS = YES;
				SWIFT_VERSION = 5.0;
				TARGETED_DEVICE_FAMILY = "1,2";
			};
			name = Debug;
		};
		8812BD572BC5652B001E8D42 /* Release */ = {
			isa = XCBuildConfiguration;
			buildSettings = {
				ASSETCATALOG_COMPILER_APPICON_NAME = AppIcon;
				ASSETCATALOG_COMPILER_GLOBAL_ACCENT_COLOR_NAME = AccentColor;
				ASSETCATALOG_COMPILER_INCLUDE_ALL_APPICON_ASSETS = NO;
				CODE_SIGN_STYLE = Automatic;
				CURRENT_PROJECT_VERSION = 4;
				DEVELOPMENT_ASSET_PATHS = "\"qdemo/Preview Content\"";
				DEVELOPMENT_TEAM = NEAY582ME4;
				ENABLE_PREVIEWS = YES;
				GENERATE_INFOPLIST_FILE = YES;
				INFOPLIST_KEY_LSApplicationCategoryType = "public.app-category.family-games";
				INFOPLIST_KEY_UIApplicationSceneManifest_Generation = YES;
				INFOPLIST_KEY_UIApplicationSupportsIndirectInputEvents = YES;
				INFOPLIST_KEY_UILaunchScreen_Generation = YES;
				INFOPLIST_KEY_UISupportedInterfaceOrientations_iPad = "UIInterfaceOrientationPortrait UIInterfaceOrientationPortraitUpsideDown UIInterfaceOrientationLandscapeLeft UIInterfaceOrientationLandscapeRight";
				INFOPLIST_KEY_UISupportedInterfaceOrientations_iPhone = "UIInterfaceOrientationPortrait UIInterfaceOrientationLandscapeLeft UIInterfaceOrientationLandscapeRight";
				IPHONEOS_DEPLOYMENT_TARGET = 18.0;
				LD_RUNPATH_SEARCH_PATHS = (
					"$(inherited)",
					"@executable_path/Frameworks",
				);
				MARKETING_VERSION = 0.2;
				PRECOMPS_INCLUDE_HEADERS_FROM_BUILT_PRODUCTS_DIR = NO;
				PRODUCT_BUNDLE_IDENTIFIER = com.billdonner.qdemo;
				PRODUCT_NAME = "$(TARGET_NAME)";
				SWIFT_EMIT_LOC_STRINGS = YES;
				SWIFT_VERSION = 5.0;
				TARGETED_DEVICE_FAMILY = "1,2";
			};
			name = Release;
		};
		8848B0792C01761B00E46658 /* Debug */ = {
			isa = XCBuildConfiguration;
			buildSettings = {
				ASSETCATALOG_COMPILER_APPICON_NAME = AppIcon;
				ASSETCATALOG_COMPILER_GLOBAL_ACCENT_COLOR_NAME = AccentColor;
				CODE_SIGN_ENTITLEMENTS = macdemo/macdemo.entitlements;
				CODE_SIGN_STYLE = Automatic;
				COMBINE_HIDPI_IMAGES = YES;
				CURRENT_PROJECT_VERSION = 1;
				DEAD_CODE_STRIPPING = YES;
				DEVELOPMENT_ASSET_PATHS = "\"macdemo/Preview Content\"";
				DEVELOPMENT_TEAM = NEAY582ME4;
				ENABLE_HARDENED_RUNTIME = YES;
				ENABLE_PREVIEWS = YES;
				GENERATE_INFOPLIST_FILE = YES;
				INFOPLIST_KEY_NSHumanReadableCopyright = "";
				LD_RUNPATH_SEARCH_PATHS = (
					"$(inherited)",
					"@executable_path/../Frameworks",
				);
				MACOSX_DEPLOYMENT_TARGET = 14.4;
				MARKETING_VERSION = 1.0;
				PRODUCT_BUNDLE_IDENTIFIER = com.billdonner.macdemo;
				PRODUCT_NAME = "$(TARGET_NAME)";
				SDKROOT = macosx;
				SWIFT_EMIT_LOC_STRINGS = YES;
				SWIFT_VERSION = 5.0;
			};
			name = Debug;
		};
		8848B07A2C01761B00E46658 /* Release */ = {
			isa = XCBuildConfiguration;
			buildSettings = {
				ASSETCATALOG_COMPILER_APPICON_NAME = AppIcon;
				ASSETCATALOG_COMPILER_GLOBAL_ACCENT_COLOR_NAME = AccentColor;
				CODE_SIGN_ENTITLEMENTS = macdemo/macdemo.entitlements;
				CODE_SIGN_STYLE = Automatic;
				COMBINE_HIDPI_IMAGES = YES;
				CURRENT_PROJECT_VERSION = 1;
				DEAD_CODE_STRIPPING = YES;
				DEVELOPMENT_ASSET_PATHS = "\"macdemo/Preview Content\"";
				DEVELOPMENT_TEAM = NEAY582ME4;
				ENABLE_HARDENED_RUNTIME = YES;
				ENABLE_PREVIEWS = YES;
				GENERATE_INFOPLIST_FILE = YES;
				INFOPLIST_KEY_NSHumanReadableCopyright = "";
				LD_RUNPATH_SEARCH_PATHS = (
					"$(inherited)",
					"@executable_path/../Frameworks",
				);
				MACOSX_DEPLOYMENT_TARGET = 14.4;
				MARKETING_VERSION = 1.0;
				PRODUCT_BUNDLE_IDENTIFIER = com.billdonner.macdemo;
				PRODUCT_NAME = "$(TARGET_NAME)";
				SDKROOT = macosx;
				SWIFT_EMIT_LOC_STRINGS = YES;
				SWIFT_VERSION = 5.0;
			};
			name = Release;
		};
		88A6EA942BFD96C000B89838 /* Debug */ = {
			isa = XCBuildConfiguration;
			buildSettings = {
				BUNDLE_LOADER = "$(TEST_HOST)";
				CODE_SIGN_STYLE = Automatic;
				CURRENT_PROJECT_VERSION = 1;
				DEVELOPMENT_TEAM = NEAY582ME4;
				GENERATE_INFOPLIST_FILE = YES;
				IPHONEOS_DEPLOYMENT_TARGET = 17.5;
				MARKETING_VERSION = 1.0;
				PRODUCT_BUNDLE_IDENTIFIER = com.billdonner.qdemoTests;
				PRODUCT_NAME = "$(TARGET_NAME)";
				SWIFT_EMIT_LOC_STRINGS = NO;
				SWIFT_VERSION = 5.0;
				TARGETED_DEVICE_FAMILY = "1,2";
				TEST_HOST = "$(BUILT_PRODUCTS_DIR)/qdemo.app/$(BUNDLE_EXECUTABLE_FOLDER_PATH)/qdemo";
			};
			name = Debug;
		};
		88A6EA952BFD96C000B89838 /* Release */ = {
			isa = XCBuildConfiguration;
			buildSettings = {
				BUNDLE_LOADER = "$(TEST_HOST)";
				CODE_SIGN_STYLE = Automatic;
				CURRENT_PROJECT_VERSION = 1;
				DEVELOPMENT_TEAM = NEAY582ME4;
				GENERATE_INFOPLIST_FILE = YES;
				IPHONEOS_DEPLOYMENT_TARGET = 17.5;
				MARKETING_VERSION = 1.0;
				PRODUCT_BUNDLE_IDENTIFIER = com.billdonner.qdemoTests;
				PRODUCT_NAME = "$(TARGET_NAME)";
				SWIFT_EMIT_LOC_STRINGS = NO;
				SWIFT_VERSION = 5.0;
				TARGETED_DEVICE_FAMILY = "1,2";
				TEST_HOST = "$(BUILT_PRODUCTS_DIR)/qdemo.app/$(BUNDLE_EXECUTABLE_FOLDER_PATH)/qdemo";
			};
			name = Release;
		};
/* End XCBuildConfiguration section */

/* Begin XCConfigurationList section */
		8812BD422BC56529001E8D42 /* Build configuration list for PBXProject "qdemo" */ = {
			isa = XCConfigurationList;
			buildConfigurations = (
				8812BD532BC5652B001E8D42 /* Debug */,
				8812BD542BC5652B001E8D42 /* Release */,
			);
			defaultConfigurationIsVisible = 0;
			defaultConfigurationName = Release;
		};
		8812BD552BC5652B001E8D42 /* Build configuration list for PBXNativeTarget "qdemo" */ = {
			isa = XCConfigurationList;
			buildConfigurations = (
				8812BD562BC5652B001E8D42 /* Debug */,
				8812BD572BC5652B001E8D42 /* Release */,
			);
			defaultConfigurationIsVisible = 0;
			defaultConfigurationName = Release;
		};
		8848B0782C01761B00E46658 /* Build configuration list for PBXNativeTarget "macdemo" */ = {
			isa = XCConfigurationList;
			buildConfigurations = (
				8848B0792C01761B00E46658 /* Debug */,
				8848B07A2C01761B00E46658 /* Release */,
			);
			defaultConfigurationIsVisible = 0;
			defaultConfigurationName = Release;
		};
		88A6EA932BFD96C000B89838 /* Build configuration list for PBXNativeTarget "qdemoTests" */ = {
			isa = XCConfigurationList;
			buildConfigurations = (
				88A6EA942BFD96C000B89838 /* Debug */,
				88A6EA952BFD96C000B89838 /* Release */,
			);
			defaultConfigurationIsVisible = 0;
			defaultConfigurationName = Release;
		};
/* End XCConfigurationList section */

/* Begin XCRemoteSwiftPackageReference section */
		8812BD582BCB02E3001E8D42 /* XCRemoteSwiftPackageReference "q20kshare" */ = {
			isa = XCRemoteSwiftPackageReference;
			repositoryURL = "https://github.com/billdonner/q20kshare";
			requirement = {
				kind = upToNextMajorVersion;
				minimumVersion = 0.5.25;
			};
		};
/* End XCRemoteSwiftPackageReference section */
	};
	rootObject = 8812BD3F2BC56529001E8D42 /* Project object */;
}
